
Microsoft Visual Studio Solution File, Format Version 12.00
# Visual Studio Version 17
VisualStudioVersion = 17.11.35312.102
MinimumVisualStudioVersion = 10.0.40219.1
Project("{FAE04EC0-301F-11D3-BF4B-00C04F79EFBC}") = "GoCSPViewer", "GoCSPViewer\GoCSPViewer.csproj", "{CB7790FF-ACAC-4DD3-8CEA-AC3D9EFEF9F6}"
EndProject
Global
	GlobalSection(SolutionConfigurationPlatforms) = preSolution
		Debug|Any CPU = Debug|Any CPU
		Release|Any CPU = Release|Any CPU
	EndGlobalSection
	GlobalSection(ProjectConfigurationPlatforms) = postSolution
		{CB7790FF-ACAC-4DD3-8CEA-AC3D9EFEF9F6}.Debug|Any CPU.ActiveCfg = Debug|Any CPU
		{CB7790FF-ACAC-4DD3-8CEA-AC3D9EFEF9F6}.Debug|Any CPU.Build.0 = Debug|Any CPU
		{CB7790FF-ACAC-4DD3-8CEA-AC3D9EFEF9F6}.Release|Any CPU.ActiveCfg = Release|Any CPU
		{CB7790FF-ACAC-4DD3-8CEA-AC3D9EFEF9F6}.Release|Any CPU.Build.0 = Release|Any CPU
	EndGlobalSection
	GlobalSection(SolutionProperties) = preSolution
		HideSolutionNode = FALSE
	EndGlobalSection
	GlobalSection(ExtensibilityGlobals) = postSolution
		SolutionGuid = {04FB38CE-B75C-4FD7-8816-ECCCE13F6E14}
	EndGlobalSection
EndGlobal
